
Microsoft Visual Studio Solution File, Format Version 12.00
# Visual Studio Version 17
VisualStudioVersion = 17.7.34221.43
MinimumVisualStudioVersion = 10.0.40219.1
Project("{9A19103F-16F7-4668-BE54-9A1E7A4F7556}") = "Firebase_Ex3", "Firebase_Ex1\Firebase_Ex3.csproj", "{5B9C742E-5324-4A88-92D2-A805CF237A60}"
EndProject
Project("{2150E333-8FDC-42A3-9474-1A3956D46DE8}") = "Elementos de la solución", "Elementos de la solución", "{E57432D2-39C9-4808-9A1F-A74F444D6882}"
EndProject
Global
	GlobalSection(SolutionConfigurationPlatforms) = preSolution
		Debug|Any CPU = Debug|Any CPU
		Release|Any CPU = Release|Any CPU
	EndGlobalSection
	GlobalSection(ProjectConfigurationPlatforms) = postSolution
		{5B9C742E-5324-4A88-92D2-A805CF237A60}.Debug|Any CPU.ActiveCfg = Debug|Any CPU
		{5B9C742E-5324-4A88-92D2-A805CF237A60}.Debug|Any CPU.Build.0 = Debug|Any CPU
		{5B9C742E-5324-4A88-92D2-A805CF237A60}.Release|Any CPU.ActiveCfg = Release|Any CPU
		{5B9C742E-5324-4A88-92D2-A805CF237A60}.Release|Any CPU.Build.0 = Release|Any CPU
	EndGlobalSection
	GlobalSection(SolutionProperties) = preSolution
		HideSolutionNode = FALSE
	EndGlobalSection
	GlobalSection(ExtensibilityGlobals) = postSolution
		SolutionGuid = {1FB1CA96-80E4-46A8-870A-A16D40D1FD08}
	EndGlobalSection
EndGlobal
