
Microsoft Visual Studio Solution File, Format Version 12.00
# Visual Studio Version 17
VisualStudioVersion = 17.7.34221.43
MinimumVisualStudioVersion = 10.0.40219.1
Project("{FAE04EC0-301F-11D3-BF4B-00C04F79EFBC}") = "UserControl1", "UserControl1\UserControl1.csproj", "{99F94BD6-D5D7-4DE8-8FF5-B5155C40DF00}"
EndProject
Global
	GlobalSection(SolutionConfigurationPlatforms) = preSolution
		Debug|Any CPU = Debug|Any CPU
		Release|Any CPU = Release|Any CPU
	EndGlobalSection
	GlobalSection(ProjectConfigurationPlatforms) = postSolution
		{99F94BD6-D5D7-4DE8-8FF5-B5155C40DF00}.Debug|Any CPU.ActiveCfg = Debug|Any CPU
		{99F94BD6-D5D7-4DE8-8FF5-B5155C40DF00}.Debug|Any CPU.Build.0 = Debug|Any CPU
		{99F94BD6-D5D7-4DE8-8FF5-B5155C40DF00}.Release|Any CPU.ActiveCfg = Release|Any CPU
		{99F94BD6-D5D7-4DE8-8FF5-B5155C40DF00}.Release|Any CPU.Build.0 = Release|Any CPU
	EndGlobalSection
	GlobalSection(SolutionProperties) = preSolution
		HideSolutionNode = FALSE
	EndGlobalSection
	GlobalSection(ExtensibilityGlobals) = postSolution
		SolutionGuid = {866A232D-D35D-47B0-9723-29B36E6C5B40}
	EndGlobalSection
EndGlobal
